{
  "nodes": {
    "devshell": {
      "inputs": {
        "flake-utils": "flake-utils",
        "nixpkgs": "nixpkgs"
      },
      "locked": {
        "lastModified": 1667210711,
        "narHash": "sha256-IoErjXZAkzYWHEpQqwu/DeRNJGFdR7X2OGbkhMqMrpw=",
        "owner": "numtide",
        "repo": "devshell",
        "rev": "96a9dd12b8a447840cc246e17a47b81a4268bba7",
        "type": "github"
      },
      "original": {
        "owner": "numtide",
        "repo": "devshell",
        "type": "github"
      }
    },
    "flake-utils": {
      "locked": {
        "lastModified": 1642700792,
        "narHash": "sha256-XqHrk7hFb+zBvRg6Ghl+AZDq03ov6OshJLiSWOoX5es=",
        "owner": "numtide",
        "repo": "flake-utils",
        "rev": "846b2ae0fc4cc943637d3d1def4454213e203cba",
        "type": "github"
      },
      "original": {
        "owner": "numtide",
        "repo": "flake-utils",
        "type": "github"
      }
    },
    "godlv": {
      "flake": false,
      "locked": {
        "lastModified": 1668689558,
        "narHash": "sha256-/26wOIhMaI8FzLfKQq7kV8WcL1F9/ELNRA/9wfy/x8g=",
        "owner": "go-delve",
        "repo": "delve",
        "rev": "a185d0eac1f5b84a3f7e35cc725f2151b4420dbd",
        "type": "github"
      },
      "original": {
        "owner": "go-delve",
        "repo": "delve",
        "type": "github"
      }
    },
    "gods": {
      "flake": false,
      "locked": {
        "lastModified": 1666026485,
        "narHash": "sha256-FinTyBSNPe8LB40qCSX5kpETzuTgsh2C0u5Rnh8gRCE=",
        "owner": "emirpasic",
        "repo": "gods",
        "rev": "5dd72bf1e03d45ade3a941c9675930ef306c5091",
        "type": "github"
      },
      "original": {
        "owner": "emirpasic",
        "repo": "gods",
        "type": "github"
      }
    },
    "golines": {
      "flake": false,
      "locked": {
        "lastModified": 1664217450,
        "narHash": "sha256-Zq2Qhqdwyw9SgRpKO1WeewSU2K81uWqTICzUKyYts1U=",
        "owner": "segmentio",
        "repo": "golines",
        "rev": "d7d11e6ae11721865229b1d55b8862c8bd4ca719",
        "type": "github"
      },
      "original": {
        "owner": "segmentio",
        "repo": "golines",
        "type": "github"
      }
    },
    "gotest-tools": {
      "flake": false,
      "locked": {
        "lastModified": 1667675659,
        "narHash": "sha256-QsvJhPN3mFnXAtfBjrtPqUFLjmbKAN9DxTLqo8PufPc=",
        "owner": "gotestyourself",
        "repo": "gotest.tools",
        "rev": "f44676a54686a87dcccb32d90ec5d7dd78743332",
        "type": "github"
      },
      "original": {
        "owner": "gotestyourself",
        "repo": "gotest.tools",
        "type": "github"
      }
    },
    "hashset": {
      "flake": false,
      "locked": {
        "dir": "sets/hashset",
        "lastModified": 1666026485,
        "narHash": "sha256-FinTyBSNPe8LB40qCSX5kpETzuTgsh2C0u5Rnh8gRCE=",
        "owner": "emirpasic",
        "repo": "gods",
        "rev": "5dd72bf1e03d45ade3a941c9675930ef306c5091",
        "type": "github"
      },
      "original": {
        "dir": "sets/hashset",
        "owner": "emirpasic",
        "repo": "gods",
        "type": "github"
      }
    },
    "nixpkgs": {
      "locked": {
        "lastModified": 1643381941,
        "narHash": "sha256-pHTwvnN4tTsEKkWlXQ8JMY423epos8wUOhthpwJjtpc=",
        "owner": "NixOS",
        "repo": "nixpkgs",
        "rev": "5efc8ca954272c4376ac929f4c5ffefcc20551d5",
        "type": "github"
      },
      "original": {
        "owner": "NixOS",
        "ref": "nixpkgs-unstable",
        "repo": "nixpkgs",
        "type": "github"
      }
    },
    "nixpkgs_2": {
      "locked": {
        "lastModified": 1669809720,
        "narHash": "sha256-RMT77f6CPOYtLLQ2esj+EJ1BPVWxf4RDidjrSvA5OhI=",
        "owner": "NixOS",
        "repo": "nixpkgs",
        "rev": "227de2b3bbec142f912c09d5e8a1b4e778aa54fb",
        "type": "github"
      },
      "original": {
        "owner": "NixOS",
        "ref": "nixpkgs-unstable",
        "repo": "nixpkgs",
        "type": "github"
      }
    },
    "root": {
      "inputs": {
        "devshell": "devshell",
        "godlv": "godlv",
        "gods": "gods",
        "golines": "golines",
        "gotest-tools": "gotest-tools",
        "hashset": "hashset",
        "nixpkgs": "nixpkgs_2",
        "stack": "stack"
      }
    },
    "stack": {
      "flake": false,
      "locked": {
        "dir": "stacks/arraystacks",
        "lastModified": 1666026485,
        "narHash": "sha256-FinTyBSNPe8LB40qCSX5kpETzuTgsh2C0u5Rnh8gRCE=",
        "owner": "emirpasic",
        "repo": "gods",
        "rev": "5dd72bf1e03d45ade3a941c9675930ef306c5091",
        "type": "github"
      },
      "original": {
        "dir": "stacks/arraystacks",
        "owner": "emirpasic",
        "repo": "gods",
        "type": "github"
      }
    }
  },
  "root": "root",
  "version": 7
}
